
Microsoft Visual Studio Solution File, Format Version 12.00
# Visual Studio Version 16
VisualStudioVersion = 16.0.31410.357
MinimumVisualStudioVersion = 10.0.40219.1
Project("{FAE04EC0-301F-11D3-BF4B-00C04F79EFBC}") = "UnitTestCoverageToolErrorDemo", "UnitTestCoverageToolErrorDemo\UnitTestCoverageToolErrorDemo.csproj", "{E899F9C2-A540-4FA1-A140-47D843664025}"
EndProject
Global
	GlobalSection(SolutionConfigurationPlatforms) = preSolution
		Debug|Any CPU = Debug|Any CPU
		Release|Any CPU = Release|Any CPU
	EndGlobalSection
	GlobalSection(ProjectConfigurationPlatforms) = postSolution
		{E899F9C2-A540-4FA1-A140-47D843664025}.Debug|Any CPU.ActiveCfg = Debug|Any CPU
		{E899F9C2-A540-4FA1-A140-47D843664025}.Debug|Any CPU.Build.0 = Debug|Any CPU
		{E899F9C2-A540-4FA1-A140-47D843664025}.Release|Any CPU.ActiveCfg = Release|Any CPU
		{E899F9C2-A540-4FA1-A140-47D843664025}.Release|Any CPU.Build.0 = Release|Any CPU
	EndGlobalSection
	GlobalSection(SolutionProperties) = preSolution
		HideSolutionNode = FALSE
	EndGlobalSection
	GlobalSection(ExtensibilityGlobals) = postSolution
		SolutionGuid = {5CBFD5D7-7F24-449F-97D9-51EE029BD3A5}
	EndGlobalSection
EndGlobal
